
Microsoft Visual Studio Solution File, Format Version 12.00
# Visual Studio 14
VisualStudioVersion = 14.0.25420.1
MinimumVisualStudioVersion = 10.0.40219.1
Project("{FAE04EC0-301F-11D3-BF4B-00C04F79EFBC}") = "SimchaContributionsApp", "SimchaContributionsApp\SimchaContributionsApp.csproj", "{55DD335C-0339-4DE7-8FC5-9F72E8CD48AB}"
EndProject
Project("{FAE04EC0-301F-11D3-BF4B-00C04F79EFBC}") = "SimchaContributions.Data", "SimchaContributions.Data\SimchaContributions.Data.csproj", "{0F26BCCD-93CA-47DB-858A-6FBB35CECC00}"
EndProject
Global
	GlobalSection(SolutionConfigurationPlatforms) = preSolution
		Debug|Any CPU = Debug|Any CPU
		Release|Any CPU = Release|Any CPU
	EndGlobalSection
	GlobalSection(ProjectConfigurationPlatforms) = postSolution
		{55DD335C-0339-4DE7-8FC5-9F72E8CD48AB}.Debug|Any CPU.ActiveCfg = Debug|Any CPU
		{55DD335C-0339-4DE7-8FC5-9F72E8CD48AB}.Debug|Any CPU.Build.0 = Debug|Any CPU
		{55DD335C-0339-4DE7-8FC5-9F72E8CD48AB}.Release|Any CPU.ActiveCfg = Release|Any CPU
		{55DD335C-0339-4DE7-8FC5-9F72E8CD48AB}.Release|Any CPU.Build.0 = Release|Any CPU
		{0F26BCCD-93CA-47DB-858A-6FBB35CECC00}.Debug|Any CPU.ActiveCfg = Debug|Any CPU
		{0F26BCCD-93CA-47DB-858A-6FBB35CECC00}.Debug|Any CPU.Build.0 = Debug|Any CPU
		{0F26BCCD-93CA-47DB-858A-6FBB35CECC00}.Release|Any CPU.ActiveCfg = Release|Any CPU
		{0F26BCCD-93CA-47DB-858A-6FBB35CECC00}.Release|Any CPU.Build.0 = Release|Any CPU
	EndGlobalSection
	GlobalSection(SolutionProperties) = preSolution
		HideSolutionNode = FALSE
	EndGlobalSection
EndGlobal
